// !$*UTF8*$!
{
	archiveVersion = 1;
	classes = {
	};
	objectVersion = 46;
	objects = {

/* Begin PBXBuildFile section */
		0A2810A317C9F733001C7306 /* Foundation.framework in Frameworks */ = {isa = PBXBuildFile; fileRef = 0A2810A217C9F733001C7306 /* Foundation.framework */; };
		0A2810A617C9F733001C7306 /* main.m in Sources */ = {isa = PBXBuildFile; fileRef = 0A2810A517C9F733001C7306 /* main.m */; };
		0A2810D917C9F8C1001C7306 /* TBXML+NSDictionary.m in Sources */ = {isa = PBXBuildFile; fileRef = 0A2810D817C9F8C1001C7306 /* TBXML+NSDictionary.m */; };
		0A964DC317CB531C003655C4 /* SettingsManager.m in Sources */ = {isa = PBXBuildFile; fileRef = 0A964DC217CB531C003655C4 /* SettingsManager.m */; };
		0A964DC817CB6313003655C4 /* XSDDocument.m in Sources */ = {isa = PBXBuildFile; fileRef = 0A964DC717CB6313003655C4 /* XSDDocument.m */; };
		0A964DCB17CB6BFD003655C4 /* XSDObject.m in Sources */ = {isa = PBXBuildFile; fileRef = 0A964DCA17CB6BFD003655C4 /* XSDObject.m */; };
		0A964DCE17CB9055003655C4 /* XSDObjectProperty.m in Sources */ = {isa = PBXBuildFile; fileRef = 0A964DCD17CB9054003655C4 /* XSDObjectProperty.m */; };
		0A964DD117CBA3F9003655C4 /* XSDSimpleType.m in Sources */ = {isa = PBXBuildFile; fileRef = 0A964DD017CBA3F9003655C4 /* XSDSimpleType.m */; };
		0A964DD417CBA663003655C4 /* XSDTypes.m in Sources */ = {isa = PBXBuildFile; fileRef = 0A964DD317CBA663003655C4 /* XSDTypes.m */; };
		7E5F6E3017CCDEEB0068D508 /* BaseEntity.m in Sources */ = {isa = PBXBuildFile; fileRef = 7E5F6E2F17CCDEEB0068D508 /* BaseEntity.m */; };
		84701B3DA72D4371BA44F380 /* libPods.a in Frameworks */ = {isa = PBXBuildFile; fileRef = 7F4173097DCA4D03B1FB0810 /* libPods.a */; };
/* End PBXBuildFile section */

/* Begin PBXCopyFilesBuildPhase section */
		0A28109D17C9F733001C7306 /* CopyFiles */ = {
			isa = PBXCopyFilesBuildPhase;
			buildActionMask = 12;
			dstPath = usr/share/man/man1;
			dstSubfolderSpec = 0;
			files = (
			);
			runOnlyForDeploymentPostprocessing = 0;
		};
/* End PBXCopyFilesBuildPhase section */

/* Begin PBXFileReference section */
		0A28109F17C9F733001C7306 /* wadl2objc */ = {isa = PBXFileReference; explicitFileType = "compiled.mach-o.executable"; includeInIndex = 0; path = wadl2objc; sourceTree = BUILT_PRODUCTS_DIR; };
		0A2810A217C9F733001C7306 /* Foundation.framework */ = {isa = PBXFileReference; lastKnownFileType = wrapper.framework; name = Foundation.framework; path = System/Library/Frameworks/Foundation.framework; sourceTree = SDKROOT; };
		0A2810A517C9F733001C7306 /* main.m */ = {isa = PBXFileReference; lastKnownFileType = sourcecode.c.objc; path = main.m; sourceTree = "<group>"; };
		0A2810A817C9F733001C7306 /* wadl2objc-Prefix.pch */ = {isa = PBXFileReference; lastKnownFileType = sourcecode.c.h; path = "wadl2objc-Prefix.pch"; sourceTree = "<group>"; };
		0A2810A917C9F733001C7306 /* wadl2objc.1 */ = {isa = PBXFileReference; lastKnownFileType = text.man; path = wadl2objc.1; sourceTree = "<group>"; };
		0A2810D717C9F8C1001C7306 /* TBXML+NSDictionary.h */ = {isa = PBXFileReference; fileEncoding = 4; lastKnownFileType = sourcecode.c.h; path = "TBXML+NSDictionary.h"; sourceTree = "<group>"; };
		0A2810D817C9F8C1001C7306 /* TBXML+NSDictionary.m */ = {isa = PBXFileReference; fileEncoding = 4; lastKnownFileType = sourcecode.c.objc; path = "TBXML+NSDictionary.m"; sourceTree = "<group>"; };
		0A2810DB17C9FA96001C7306 /* example.wadl */ = {isa = PBXFileReference; fileEncoding = 4; lastKnownFileType = text; path = example.wadl; sourceTree = "<group>"; };
		0A964DC117CB531C003655C4 /* SettingsManager.h */ = {isa = PBXFileReference; fileEncoding = 4; lastKnownFileType = sourcecode.c.h; path = SettingsManager.h; sourceTree = "<group>"; };
		0A964DC217CB531C003655C4 /* SettingsManager.m */ = {isa = PBXFileReference; fileEncoding = 4; lastKnownFileType = sourcecode.c.objc; path = SettingsManager.m; sourceTree = "<group>"; };
		0A964DC517CB58CD003655C4 /* CWLSynthesizeSingleton.h */ = {isa = PBXFileReference; fileEncoding = 4; lastKnownFileType = sourcecode.c.h; path = CWLSynthesizeSingleton.h; sourceTree = "<group>"; };
		0A964DC617CB6313003655C4 /* XSDDocument.h */ = {isa = PBXFileReference; fileEncoding = 4; lastKnownFileType = sourcecode.c.h; path = XSDDocument.h; sourceTree = "<group>"; };
		0A964DC717CB6313003655C4 /* XSDDocument.m */ = {isa = PBXFileReference; fileEncoding = 4; lastKnownFileType = sourcecode.c.objc; path = XSDDocument.m; sourceTree = "<group>"; };
		0A964DC917CB6BFD003655C4 /* XSDObject.h */ = {isa = PBXFileReference; fileEncoding = 4; lastKnownFileType = sourcecode.c.h; path = XSDObject.h; sourceTree = "<group>"; };
		0A964DCA17CB6BFD003655C4 /* XSDObject.m */ = {isa = PBXFileReference; fileEncoding = 4; lastKnownFileType = sourcecode.c.objc; path = XSDObject.m; sourceTree = "<group>"; };
		0A964DCC17CB9054003655C4 /* XSDObjectProperty.h */ = {isa = PBXFileReference; fileEncoding = 4; lastKnownFileType = sourcecode.c.h; path = XSDObjectProperty.h; sourceTree = "<group>"; };
		0A964DCD17CB9054003655C4 /* XSDObjectProperty.m */ = {isa = PBXFileReference; fileEncoding = 4; lastKnownFileType = sourcecode.c.objc; path = XSDObjectProperty.m; sourceTree = "<group>"; };
		0A964DCF17CBA3F9003655C4 /* XSDSimpleType.h */ = {isa = PBXFileReference; fileEncoding = 4; lastKnownFileType = sourcecode.c.h; path = XSDSimpleType.h; sourceTree = "<group>"; };
		0A964DD017CBA3F9003655C4 /* XSDSimpleType.m */ = {isa = PBXFileReference; fileEncoding = 4; lastKnownFileType = sourcecode.c.objc; path = XSDSimpleType.m; sourceTree = "<group>"; };
		0A964DD217CBA663003655C4 /* XSDTypes.h */ = {isa = PBXFileReference; fileEncoding = 4; lastKnownFileType = sourcecode.c.h; path = XSDTypes.h; sourceTree = "<group>"; };
		0A964DD317CBA663003655C4 /* XSDTypes.m */ = {isa = PBXFileReference; fileEncoding = 4; lastKnownFileType = sourcecode.c.objc; path = XSDTypes.m; sourceTree = "<group>"; };
		299F2A9C49544AAD86124F87 /* Pods.xcconfig */ = {isa = PBXFileReference; includeInIndex = 1; lastKnownFileType = text.xcconfig; name = Pods.xcconfig; path = Pods/Pods.xcconfig; sourceTree = SOURCE_ROOT; };
		7E5F6E2B17CCDCF20068D508 /* _ExampleEntity_h */ = {isa = PBXFileReference; fileEncoding = 4; lastKnownFileType = text; path = _ExampleEntity_h; sourceTree = "<group>"; };
		7E5F6E2C17CCDCF20068D508 /* _ExampleEntity_m */ = {isa = PBXFileReference; fileEncoding = 4; lastKnownFileType = text; path = _ExampleEntity_m; sourceTree = "<group>"; };
		7E5F6E2E17CCDEEB0068D508 /* BaseEntity.h */ = {isa = PBXFileReference; fileEncoding = 4; lastKnownFileType = sourcecode.c.h; path = BaseEntity.h; sourceTree = "<group>"; };
		7E5F6E2F17CCDEEB0068D508 /* BaseEntity.m */ = {isa = PBXFileReference; fileEncoding = 4; lastKnownFileType = sourcecode.c.objc; path = BaseEntity.m; sourceTree = "<group>"; };
		7F4173097DCA4D03B1FB0810 /* libPods.a */ = {isa = PBXFileReference; explicitFileType = archive.ar; includeInIndex = 0; path = libPods.a; sourceTree = BUILT_PRODUCTS_DIR; };
/* End PBXFileReference section */

/* Begin PBXFrameworksBuildPhase section */
		0A28109C17C9F733001C7306 /* Frameworks */ = {
			isa = PBXFrameworksBuildPhase;
			buildActionMask = 2147483647;
			files = (
				0A2810A317C9F733001C7306 /* Foundation.framework in Frameworks */,
				84701B3DA72D4371BA44F380 /* libPods.a in Frameworks */,
			);
			runOnlyForDeploymentPostprocessing = 0;
		};
/* End PBXFrameworksBuildPhase section */

/* Begin PBXGroup section */
		0A28109617C9F733001C7306 = {
			isa = PBXGroup;
			children = (
				0A2810A417C9F733001C7306 /* wadl2objc */,
				0A2810DA17C9FA96001C7306 /* Resources */,
				0A2810A117C9F733001C7306 /* Frameworks */,
				0A2810A017C9F733001C7306 /* Products */,
				299F2A9C49544AAD86124F87 /* Pods.xcconfig */,
			);
			sourceTree = "<group>";
		};
		0A2810A017C9F733001C7306 /* Products */ = {
			isa = PBXGroup;
			children = (
				0A28109F17C9F733001C7306 /* wadl2objc */,
			);
			name = Products;
			sourceTree = "<group>";
		};
		0A2810A117C9F733001C7306 /* Frameworks */ = {
			isa = PBXGroup;
			children = (
				0A2810A217C9F733001C7306 /* Foundation.framework */,
				7F4173097DCA4D03B1FB0810 /* libPods.a */,
			);
			name = Frameworks;
			sourceTree = "<group>";
		};
		0A2810A417C9F733001C7306 /* wadl2objc */ = {
			isa = PBXGroup;
			children = (
				0A2810A517C9F733001C7306 /* main.m */,
				0A2810A917C9F733001C7306 /* wadl2objc.1 */,
				0A964DC017CB52C2003655C4 /* Model */,
				0A2810D517C9F8C1001C7306 /* ThirdParty */,
				0A2810A717C9F733001C7306 /* Supporting Files */,
			);
			path = wadl2objc;
			sourceTree = "<group>";
		};
		0A2810A717C9F733001C7306 /* Supporting Files */ = {
			isa = PBXGroup;
			children = (
				0A2810A817C9F733001C7306 /* wadl2objc-Prefix.pch */,
			);
			name = "Supporting Files";
			sourceTree = "<group>";
		};
		0A2810D517C9F8C1001C7306 /* ThirdParty */ = {
			isa = PBXGroup;
			children = (
				0A964DC517CB58CD003655C4 /* CWLSynthesizeSingleton.h */,
				0A2810D617C9F8C1001C7306 /* TBXML+NSDictionary */,
			);
			path = ThirdParty;
			sourceTree = "<group>";
		};
		0A2810D617C9F8C1001C7306 /* TBXML+NSDictionary */ = {
			isa = PBXGroup;
			children = (
				0A2810D717C9F8C1001C7306 /* TBXML+NSDictionary.h */,
				0A2810D817C9F8C1001C7306 /* TBXML+NSDictionary.m */,
			);
			path = "TBXML+NSDictionary";
			sourceTree = "<group>";
		};
		0A2810DA17C9FA96001C7306 /* Resources */ = {
			isa = PBXGroup;
			children = (
				0A2810DB17C9FA96001C7306 /* example.wadl */,
				7E5F6E2B17CCDCF20068D508 /* _ExampleEntity_h */,
				7E5F6E2C17CCDCF20068D508 /* _ExampleEntity_m */,
				7E5F6E2E17CCDEEB0068D508 /* BaseEntity.h */,
				7E5F6E2F17CCDEEB0068D508 /* BaseEntity.m */,
			);
			name = Resources;
			path = wadl2objc/Resources;
			sourceTree = "<group>";
		};
		0A964DC017CB52C2003655C4 /* Model */ = {
			isa = PBXGroup;
			children = (
				0A964DC117CB531C003655C4 /* SettingsManager.h */,
				0A964DC217CB531C003655C4 /* SettingsManager.m */,
				0A964DC617CB6313003655C4 /* XSDDocument.h */,
				0A964DC717CB6313003655C4 /* XSDDocument.m */,
				0A964DD217CBA663003655C4 /* XSDTypes.h */,
				0A964DD317CBA663003655C4 /* XSDTypes.m */,
				0A964DC917CB6BFD003655C4 /* XSDObject.h */,
				0A964DCA17CB6BFD003655C4 /* XSDObject.m */,
				0A964DCC17CB9054003655C4 /* XSDObjectProperty.h */,
				0A964DCD17CB9054003655C4 /* XSDObjectProperty.m */,
				0A964DCF17CBA3F9003655C4 /* XSDSimpleType.h */,
				0A964DD017CBA3F9003655C4 /* XSDSimpleType.m */,
			);
			path = Model;
			sourceTree = "<group>";
		};
/* End PBXGroup section */

/* Begin PBXNativeTarget section */
		0A28109E17C9F733001C7306 /* wadl2objc */ = {
			isa = PBXNativeTarget;
			buildConfigurationList = 0A2810AD17C9F733001C7306 /* Build configuration list for PBXNativeTarget "wadl2objc" */;
			buildPhases = (
				0A7D8A28AE02441790417DAD /* Check Pods Manifest.lock */,
				0A28109B17C9F733001C7306 /* Sources */,
				0A28109C17C9F733001C7306 /* Frameworks */,
				0A28109D17C9F733001C7306 /* CopyFiles */,
				153778742A76428287C9C4BF /* Copy Pods Resources */,
			);
			buildRules = (
			);
			dependencies = (
			);
			name = wadl2objc;
			productName = wadl2objc;
			productReference = 0A28109F17C9F733001C7306 /* wadl2objc */;
			productType = "com.apple.product-type.tool";
		};
/* End PBXNativeTarget section */

/* Begin PBXProject section */
		0A28109717C9F733001C7306 /* Project object */ = {
			isa = PBXProject;
			attributes = {
				LastUpgradeCheck = 0460;
				ORGANIZATIONNAME = zimCo;
			};
			buildConfigurationList = 0A28109A17C9F733001C7306 /* Build configuration list for PBXProject "wadl2objc" */;
			compatibilityVersion = "Xcode 3.2";
			developmentRegion = English;
			hasScannedForEncodings = 0;
			knownRegions = (
				en,
			);
			mainGroup = 0A28109617C9F733001C7306;
			productRefGroup = 0A2810A017C9F733001C7306 /* Products */;
			projectDirPath = "";
			projectRoot = "";
			targets = (
				0A28109E17C9F733001C7306 /* wadl2objc */,
			);
		};
/* End PBXProject section */

/* Begin PBXShellScriptBuildPhase section */
		0A7D8A28AE02441790417DAD /* Check Pods Manifest.lock */ = {
			isa = PBXShellScriptBuildPhase;
			buildActionMask = 2147483647;
			files = (
			);
			inputPaths = (
			);
			name = "Check Pods Manifest.lock";
			outputPaths = (
			);
			runOnlyForDeploymentPostprocessing = 0;
			shellPath = /bin/sh;
			shellScript = "diff \"${PODS_ROOT}/../Podfile.lock\" \"${PODS_ROOT}/Manifest.lock\" > /dev/null\nif [[ $? != 0 ]] ; then\n    cat << EOM\nerror: The sandbox is not in sync with the Podfile.lock. Run 'pod install' or update your CocoaPods installation.\nEOM\n    exit 1\nfi\n";
			showEnvVarsInLog = 0;
		};
		153778742A76428287C9C4BF /* Copy Pods Resources */ = {
			isa = PBXShellScriptBuildPhase;
			buildActionMask = 2147483647;
			files = (
			);
			inputPaths = (
			);
			name = "Copy Pods Resources";
			outputPaths = (
			);
			runOnlyForDeploymentPostprocessing = 0;
			shellPath = /bin/sh;
			shellScript = "\"${SRCROOT}/Pods/Pods-resources.sh\"\n";
			showEnvVarsInLog = 0;
		};
/* End PBXShellScriptBuildPhase section */

/* Begin PBXSourcesBuildPhase section */
		0A28109B17C9F733001C7306 /* Sources */ = {
			isa = PBXSourcesBuildPhase;
			buildActionMask = 2147483647;
			files = (
				0A2810A617C9F733001C7306 /* main.m in Sources */,
				0A2810D917C9F8C1001C7306 /* TBXML+NSDictionary.m in Sources */,
				0A964DC317CB531C003655C4 /* SettingsManager.m in Sources */,
				0A964DC817CB6313003655C4 /* XSDDocument.m in Sources */,
				0A964DCB17CB6BFD003655C4 /* XSDObject.m in Sources */,
				0A964DCE17CB9055003655C4 /* XSDObjectProperty.m in Sources */,
				0A964DD117CBA3F9003655C4 /* XSDSimpleType.m in Sources */,
				0A964DD417CBA663003655C4 /* XSDTypes.m in Sources */,
				7E5F6E3017CCDEEB0068D508 /* BaseEntity.m in Sources */,
			);
			runOnlyForDeploymentPostprocessing = 0;
		};
/* End PBXSourcesBuildPhase section */

/* Begin XCBuildConfiguration section */
		0A2810AB17C9F733001C7306 /* Debug */ = {
			isa = XCBuildConfiguration;
			buildSettings = {
				ALWAYS_SEARCH_USER_PATHS = NO;
				ARCHS = "$(ARCHS_STANDARD_64_BIT)";
				CLANG_CXX_LANGUAGE_STANDARD = "gnu++0x";
				CLANG_CXX_LIBRARY = "libc++";
				CLANG_ENABLE_OBJC_ARC = YES;
				CLANG_WARN_CONSTANT_CONVERSION = YES;
				CLANG_WARN_EMPTY_BODY = YES;
				CLANG_WARN_ENUM_CONVERSION = YES;
				CLANG_WARN_INT_CONVERSION = YES;
				CLANG_WARN__DUPLICATE_METHOD_MATCH = YES;
				COPY_PHASE_STRIP = NO;
				GCC_C_LANGUAGE_STANDARD = gnu99;
				GCC_DYNAMIC_NO_PIC = NO;
				GCC_ENABLE_OBJC_EXCEPTIONS = YES;
				GCC_OPTIMIZATION_LEVEL = 0;
				GCC_PREPROCESSOR_DEFINITIONS = (
					"DEBUG=1",
					"$(inherited)",
				);
				GCC_SYMBOLS_PRIVATE_EXTERN = NO;
				GCC_WARN_64_TO_32_BIT_CONVERSION = YES;
				GCC_WARN_ABOUT_RETURN_TYPE = YES;
				GCC_WARN_UNINITIALIZED_AUTOS = YES;
				GCC_WARN_UNUSED_VARIABLE = YES;
				MACOSX_DEPLOYMENT_TARGET = 10.8;
				ONLY_ACTIVE_ARCH = YES;
				SDKROOT = macosx;
			};
			name = Debug;
		};
		0A2810AC17C9F733001C7306 /* Release */ = {
			isa = XCBuildConfiguration;
			buildSettings = {
				ALWAYS_SEARCH_USER_PATHS = NO;
				ARCHS = "$(ARCHS_STANDARD_64_BIT)";
				CLANG_CXX_LANGUAGE_STANDARD = "gnu++0x";
				CLANG_CXX_LIBRARY = "libc++";
				CLANG_ENABLE_OBJC_ARC = YES;
				CLANG_WARN_CONSTANT_CONVERSION = YES;
				CLANG_WARN_EMPTY_BODY = YES;
				CLANG_WARN_ENUM_CONVERSION = YES;
				CLANG_WARN_INT_CONVERSION = YES;
				CLANG_WARN__DUPLICATE_METHOD_MATCH = YES;
				COPY_PHASE_STRIP = YES;
				DEBUG_INFORMATION_FORMAT = "dwarf-with-dsym";
				GCC_C_LANGUAGE_STANDARD = gnu99;
				GCC_ENABLE_OBJC_EXCEPTIONS = YES;
				GCC_WARN_64_TO_32_BIT_CONVERSION = YES;
				GCC_WARN_ABOUT_RETURN_TYPE = YES;
				GCC_WARN_UNINITIALIZED_AUTOS = YES;
				GCC_WARN_UNUSED_VARIABLE = YES;
				MACOSX_DEPLOYMENT_TARGET = 10.8;
				SDKROOT = macosx;
			};
			name = Release;
		};
		0A2810AE17C9F733001C7306 /* Debug */ = {
			isa = XCBuildConfiguration;
			baseConfigurationReference = 299F2A9C49544AAD86124F87 /* Pods.xcconfig */;
			buildSettings = {
				GCC_PRECOMPILE_PREFIX_HEADER = YES;
				GCC_PREFIX_HEADER = "wadl2objc/wadl2objc-Prefix.pch";
				PRODUCT_NAME = "$(TARGET_NAME)";
			};
			name = Debug;
		};
		0A2810AF17C9F733001C7306 /* Release */ = {
			isa = XCBuildConfiguration;
			baseConfigurationReference = 299F2A9C49544AAD86124F87 /* Pods.xcconfig */;
			buildSettings = {
				GCC_PRECOMPILE_PREFIX_HEADER = YES;
				GCC_PREFIX_HEADER = "wadl2objc/wadl2objc-Prefix.pch";
				PRODUCT_NAME = "$(TARGET_NAME)";
			};
			name = Release;
		};
/* End XCBuildConfiguration section */

/* Begin XCConfigurationList section */
		0A28109A17C9F733001C7306 /* Build configuration list for PBXProject "wadl2objc" */ = {
			isa = XCConfigurationList;
			buildConfigurations = (
				0A2810AB17C9F733001C7306 /* Debug */,
				0A2810AC17C9F733001C7306 /* Release */,
			);
			defaultConfigurationIsVisible = 0;
			defaultConfigurationName = Release;
		};
		0A2810AD17C9F733001C7306 /* Build configuration list for PBXNativeTarget "wadl2objc" */ = {
			isa = XCConfigurationList;
			buildConfigurations = (
				0A2810AE17C9F733001C7306 /* Debug */,
				0A2810AF17C9F733001C7306 /* Release */,
			);
			defaultConfigurationIsVisible = 0;
			defaultConfigurationName = Release;
		};
/* End XCConfigurationList section */
	};
	rootObject = 0A28109717C9F733001C7306 /* Project object */;
}
